
Microsoft Visual Studio Solution File, Format Version 12.00
# Visual Studio Version 17
VisualStudioVersion = 17.14.36109.1
MinimumVisualStudioVersion = 10.0.40219.1
Project("{8BC9CEB8-8B4A-11D0-8D11-00A0C91BC942}") = "KenGeki_050", "KenGeki_050\KenGeki_050.vcxproj", "{240C677D-06B4-4472-BF62-AE99C5EB2CFB}"
	ProjectSection(ProjectDependencies) = postProject
		{222FCE97-8DAD-4D48-8568-ECDABD82AEF6} = {222FCE97-8DAD-4D48-8568-ECDABD82AEF6}
		{22CEB34F-D028-4C5A-B9A1-1F3A52236BBC} = {22CEB34F-D028-4C5A-B9A1-1F3A52236BBC}
		{6088C6B1-3FAB-48A9-938D-AACF8182A3C2} = {6088C6B1-3FAB-48A9-938D-AACF8182A3C2}
		{91BC397E-6994-4C6A-ACA3-834A241F4C56} = {91BC397E-6994-4C6A-ACA3-834A241F4C56}
		{BBE4DBAB-3B16-4DC3-95E2-6F625CD5F756} = {BBE4DBAB-3B16-4DC3-95E2-6F625CD5F756}
	EndProjectSection
EndProject
Project("{8BC9CEB8-8B4A-11D0-8D11-00A0C91BC942}") = "CharaData", "CharaData\CharaData.vcxproj", "{6088C6B1-3FAB-48A9-938D-AACF8182A3C2}"
EndProject
Project("{8BC9CEB8-8B4A-11D0-8D11-00A0C91BC942}") = "00_Core", "00_Core\00_Core.vcxproj", "{22CEB34F-D028-4C5A-B9A1-1F3A52236BBC}"
EndProject
Project("{8BC9CEB8-8B4A-11D0-8D11-00A0C91BC942}") = "05_Result", "05_Result\05_Result.vcxproj", "{91BC397E-6994-4C6A-ACA3-834A241F4C56}"
	ProjectSection(ProjectDependencies) = postProject
		{22CEB34F-D028-4C5A-B9A1-1F3A52236BBC} = {22CEB34F-D028-4C5A-B9A1-1F3A52236BBC}
		{6088C6B1-3FAB-48A9-938D-AACF8182A3C2} = {6088C6B1-3FAB-48A9-938D-AACF8182A3C2}
	EndProjectSection
EndProject
Project("{8BC9CEB8-8B4A-11D0-8D11-00A0C91BC942}") = "01_Title", "01_Title\01_Title.vcxproj", "{BBE4DBAB-3B16-4DC3-95E2-6F625CD5F756}"
	ProjectSection(ProjectDependencies) = postProject
		{22CEB34F-D028-4C5A-B9A1-1F3A52236BBC} = {22CEB34F-D028-4C5A-B9A1-1F3A52236BBC}
		{6088C6B1-3FAB-48A9-938D-AACF8182A3C2} = {6088C6B1-3FAB-48A9-938D-AACF8182A3C2}
	EndProjectSection
EndProject
Project("{8BC9CEB8-8B4A-11D0-8D11-00A0C91BC942}") = "02_CharaSele", "02_CharaSele\02_CharaSele.vcxproj", "{222FCE97-8DAD-4D48-8568-ECDABD82AEF6}"
	ProjectSection(ProjectDependencies) = postProject
		{22CEB34F-D028-4C5A-B9A1-1F3A52236BBC} = {22CEB34F-D028-4C5A-B9A1-1F3A52236BBC}
		{6088C6B1-3FAB-48A9-938D-AACF8182A3C2} = {6088C6B1-3FAB-48A9-938D-AACF8182A3C2}
	EndProjectSection
EndProject
Global
	GlobalSection(SolutionConfigurationPlatforms) = preSolution
		Debug|x64 = Debug|x64
		Release|x64 = Release|x64
	EndGlobalSection
	GlobalSection(ProjectConfigurationPlatforms) = postSolution
		{240C677D-06B4-4472-BF62-AE99C5EB2CFB}.Debug|x64.ActiveCfg = Debug|x64
		{240C677D-06B4-4472-BF62-AE99C5EB2CFB}.Debug|x64.Build.0 = Debug|x64
		{240C677D-06B4-4472-BF62-AE99C5EB2CFB}.Release|x64.ActiveCfg = Release|x64
		{240C677D-06B4-4472-BF62-AE99C5EB2CFB}.Release|x64.Build.0 = Release|x64
		{6088C6B1-3FAB-48A9-938D-AACF8182A3C2}.Debug|x64.ActiveCfg = Debug|x64
		{6088C6B1-3FAB-48A9-938D-AACF8182A3C2}.Release|x64.ActiveCfg = Release|x64
		{22CEB34F-D028-4C5A-B9A1-1F3A52236BBC}.Debug|x64.ActiveCfg = Debug|x64
		{22CEB34F-D028-4C5A-B9A1-1F3A52236BBC}.Debug|x64.Build.0 = Debug|x64
		{22CEB34F-D028-4C5A-B9A1-1F3A52236BBC}.Release|x64.ActiveCfg = Release|x64
		{22CEB34F-D028-4C5A-B9A1-1F3A52236BBC}.Release|x64.Build.0 = Release|x64
		{91BC397E-6994-4C6A-ACA3-834A241F4C56}.Debug|x64.ActiveCfg = Debug|x64
		{91BC397E-6994-4C6A-ACA3-834A241F4C56}.Debug|x64.Build.0 = Debug|x64
		{91BC397E-6994-4C6A-ACA3-834A241F4C56}.Release|x64.ActiveCfg = Release|x64
		{91BC397E-6994-4C6A-ACA3-834A241F4C56}.Release|x64.Build.0 = Release|x64
		{BBE4DBAB-3B16-4DC3-95E2-6F625CD5F756}.Debug|x64.ActiveCfg = Debug|x64
		{BBE4DBAB-3B16-4DC3-95E2-6F625CD5F756}.Debug|x64.Build.0 = Debug|x64
		{BBE4DBAB-3B16-4DC3-95E2-6F625CD5F756}.Release|x64.ActiveCfg = Release|x64
		{BBE4DBAB-3B16-4DC3-95E2-6F625CD5F756}.Release|x64.Build.0 = Release|x64
		{222FCE97-8DAD-4D48-8568-ECDABD82AEF6}.Debug|x64.ActiveCfg = Debug|x64
		{222FCE97-8DAD-4D48-8568-ECDABD82AEF6}.Debug|x64.Build.0 = Debug|x64
		{222FCE97-8DAD-4D48-8568-ECDABD82AEF6}.Release|x64.ActiveCfg = Release|x64
		{222FCE97-8DAD-4D48-8568-ECDABD82AEF6}.Release|x64.Build.0 = Release|x64
	EndGlobalSection
	GlobalSection(SolutionProperties) = preSolution
		HideSolutionNode = FALSE
	EndGlobalSection
	GlobalSection(ExtensibilityGlobals) = postSolution
		SolutionGuid = {A13B65B2-CFD8-4DE4-9B85-B9CD9FF83B2A}
	EndGlobalSection
EndGlobal
